
Microsoft Visual Studio Solution File, Format Version 12.00
# Visual Studio 15
VisualStudioVersion = 15.0.26730.16
MinimumVisualStudioVersion = 10.0.40219.1
Project("{FAE04EC0-301F-11D3-BF4B-00C04F79EFBC}") = "8 Queens", "8 Queens\8 Queens.csproj", "{A645053B-2C54-4AF1-92F3-3F0E55C74E82}"
EndProject
Global
	GlobalSection(SolutionConfigurationPlatforms) = preSolution
		Debug|Any CPU = Debug|Any CPU
		Release|Any CPU = Release|Any CPU
	EndGlobalSection
	GlobalSection(ProjectConfigurationPlatforms) = postSolution
		{A645053B-2C54-4AF1-92F3-3F0E55C74E82}.Debug|Any CPU.ActiveCfg = Debug|Any CPU
		{A645053B-2C54-4AF1-92F3-3F0E55C74E82}.Debug|Any CPU.Build.0 = Debug|Any CPU
		{A645053B-2C54-4AF1-92F3-3F0E55C74E82}.Release|Any CPU.ActiveCfg = Release|Any CPU
		{A645053B-2C54-4AF1-92F3-3F0E55C74E82}.Release|Any CPU.Build.0 = Release|Any CPU
	EndGlobalSection
	GlobalSection(SolutionProperties) = preSolution
		HideSolutionNode = FALSE
	EndGlobalSection
	GlobalSection(ExtensibilityGlobals) = postSolution
		SolutionGuid = {BDE1F6D0-29B3-4EAD-82C1-F1D49389291F}
	EndGlobalSection
EndGlobal
